// !$*UTF8*$!
{
	archiveVersion = 1;
	classes = {
	};
	objectVersion = 50;
	objects = {

/* Begin PBXBuildFile section */
		961FE2CB25B1796100C52316 /* SSUtudyApp.swift in Sources */ = {isa = PBXBuildFile; fileRef = 961FE2CA25B1796100C52316 /* SSUtudyApp.swift */; };
		961FE2CD25B1796100C52316 /* HomeView.swift in Sources */ = {isa = PBXBuildFile; fileRef = 961FE2CC25B1796100C52316 /* HomeView.swift */; };
		961FE2CF25B1796400C52316 /* Assets.xcassets in Resources */ = {isa = PBXBuildFile; fileRef = 961FE2CE25B1796400C52316 /* Assets.xcassets */; };
		961FE2D225B1796400C52316 /* Preview Assets.xcassets in Resources */ = {isa = PBXBuildFile; fileRef = 961FE2D125B1796400C52316 /* Preview Assets.xcassets */; };
		961FE2DD25B1796400C52316 /* SSUtudyTests.swift in Sources */ = {isa = PBXBuildFile; fileRef = 961FE2DC25B1796400C52316 /* SSUtudyTests.swift */; };
		961FE2E825B1796400C52316 /* SSUtudyUITests.swift in Sources */ = {isa = PBXBuildFile; fileRef = 961FE2E725B1796400C52316 /* SSUtudyUITests.swift */; };
		961FE2FC25B17D7E00C52316 /* CustomButtonStyles.swift in Sources */ = {isa = PBXBuildFile; fileRef = 961FE2FB25B17D7E00C52316 /* CustomButtonStyles.swift */; };
		961FE31825B1831700C52316 /* AuthenticationServices.framework in Frameworks */ = {isa = PBXBuildFile; fileRef = 961FE31725B1831700C52316 /* AuthenticationServices.framework */; };
/* End PBXBuildFile section */

/* Begin PBXContainerItemProxy section */
		961FE2D925B1796400C52316 /* PBXContainerItemProxy */ = {
			isa = PBXContainerItemProxy;
			containerPortal = 961FE2BF25B1796100C52316 /* Project object */;
			proxyType = 1;
			remoteGlobalIDString = 961FE2C625B1796100C52316;
			remoteInfo = SSUtudy;
		};
		961FE2E425B1796400C52316 /* PBXContainerItemProxy */ = {
			isa = PBXContainerItemProxy;
			containerPortal = 961FE2BF25B1796100C52316 /* Project object */;
			proxyType = 1;
			remoteGlobalIDString = 961FE2C625B1796100C52316;
			remoteInfo = SSUtudy;
		};
/* End PBXContainerItemProxy section */

/* Begin PBXFileReference section */
		961FE2C725B1796100C52316 /* SSUtudy.app */ = {isa = PBXFileReference; explicitFileType = wrapper.application; includeInIndex = 0; path = SSUtudy.app; sourceTree = BUILT_PRODUCTS_DIR; };
		961FE2CA25B1796100C52316 /* SSUtudyApp.swift */ = {isa = PBXFileReference; lastKnownFileType = sourcecode.swift; path = SSUtudyApp.swift; sourceTree = "<group>"; };
		961FE2CC25B1796100C52316 /* HomeView.swift */ = {isa = PBXFileReference; lastKnownFileType = sourcecode.swift; path = HomeView.swift; sourceTree = "<group>"; };
		961FE2CE25B1796400C52316 /* Assets.xcassets */ = {isa = PBXFileReference; lastKnownFileType = folder.assetcatalog; path = Assets.xcassets; sourceTree = "<group>"; };
		961FE2D125B1796400C52316 /* Preview Assets.xcassets */ = {isa = PBXFileReference; lastKnownFileType = folder.assetcatalog; path = "Preview Assets.xcassets"; sourceTree = "<group>"; };
		961FE2D325B1796400C52316 /* Info.plist */ = {isa = PBXFileReference; lastKnownFileType = text.plist.xml; path = Info.plist; sourceTree = "<group>"; };
		961FE2D825B1796400C52316 /* SSUtudyTests.xctest */ = {isa = PBXFileReference; explicitFileType = wrapper.cfbundle; includeInIndex = 0; path = SSUtudyTests.xctest; sourceTree = BUILT_PRODUCTS_DIR; };
		961FE2DC25B1796400C52316 /* SSUtudyTests.swift */ = {isa = PBXFileReference; lastKnownFileType = sourcecode.swift; path = SSUtudyTests.swift; sourceTree = "<group>"; };
		961FE2DE25B1796400C52316 /* Info.plist */ = {isa = PBXFileReference; lastKnownFileType = text.plist.xml; path = Info.plist; sourceTree = "<group>"; };
		961FE2E325B1796400C52316 /* SSUtudyUITests.xctest */ = {isa = PBXFileReference; explicitFileType = wrapper.cfbundle; includeInIndex = 0; path = SSUtudyUITests.xctest; sourceTree = BUILT_PRODUCTS_DIR; };
		961FE2E725B1796400C52316 /* SSUtudyUITests.swift */ = {isa = PBXFileReference; lastKnownFileType = sourcecode.swift; path = SSUtudyUITests.swift; sourceTree = "<group>"; };
		961FE2E925B1796400C52316 /* Info.plist */ = {isa = PBXFileReference; lastKnownFileType = text.plist.xml; path = Info.plist; sourceTree = "<group>"; };
		961FE2FB25B17D7E00C52316 /* CustomButtonStyles.swift */ = {isa = PBXFileReference; lastKnownFileType = sourcecode.swift; path = CustomButtonStyles.swift; sourceTree = "<group>"; };
		961FE31725B1831700C52316 /* AuthenticationServices.framework */ = {isa = PBXFileReference; lastKnownFileType = wrapper.framework; name = AuthenticationServices.framework; path = System/Library/Frameworks/AuthenticationServices.framework; sourceTree = SDKROOT; };
/* End PBXFileReference section */

/* Begin PBXFrameworksBuildPhase section */
		961FE2C425B1796100C52316 /* Frameworks */ = {
			isa = PBXFrameworksBuildPhase;
			buildActionMask = 2147483647;
			files = (
				961FE31825B1831700C52316 /* AuthenticationServices.framework in Frameworks */,
			);
			runOnlyForDeploymentPostprocessing = 0;
		};
		961FE2D525B1796400C52316 /* Frameworks */ = {
			isa = PBXFrameworksBuildPhase;
			buildActionMask = 2147483647;
			files = (
			);
			runOnlyForDeploymentPostprocessing = 0;
		};
		961FE2E025B1796400C52316 /* Frameworks */ = {
			isa = PBXFrameworksBuildPhase;
			buildActionMask = 2147483647;
			files = (
			);
			runOnlyForDeploymentPostprocessing = 0;
		};
/* End PBXFrameworksBuildPhase section */

/* Begin PBXGroup section */
		961FE2BE25B1796100C52316 = {
			isa = PBXGroup;
			children = (
				961FE2C925B1796100C52316 /* SSUtudy */,
				961FE2DB25B1796400C52316 /* SSUtudyTests */,
				961FE2E625B1796400C52316 /* SSUtudyUITests */,
				961FE2C825B1796100C52316 /* Products */,
				961FE31625B1831700C52316 /* Frameworks */,
			);
			sourceTree = "<group>";
		};
		961FE2C825B1796100C52316 /* Products */ = {
			isa = PBXGroup;
			children = (
				961FE2C725B1796100C52316 /* SSUtudy.app */,
				961FE2D825B1796400C52316 /* SSUtudyTests.xctest */,
				961FE2E325B1796400C52316 /* SSUtudyUITests.xctest */,
			);
			name = Products;
			sourceTree = "<group>";
		};
		961FE2C925B1796100C52316 /* SSUtudy */ = {
			isa = PBXGroup;
			children = (
				961FE2CA25B1796100C52316 /* SSUtudyApp.swift */,
				961FE2CC25B1796100C52316 /* HomeView.swift */,
				961FE2FB25B17D7E00C52316 /* CustomButtonStyles.swift */,
				961FE2CE25B1796400C52316 /* Assets.xcassets */,
				961FE2D325B1796400C52316 /* Info.plist */,
				961FE2D025B1796400C52316 /* Preview Content */,
			);
			path = SSUtudy;
			sourceTree = "<group>";
		};
		961FE2D025B1796400C52316 /* Preview Content */ = {
			isa = PBXGroup;
			children = (
				961FE2D125B1796400C52316 /* Preview Assets.xcassets */,
			);
			path = "Preview Content";
			sourceTree = "<group>";
		};
		961FE2DB25B1796400C52316 /* SSUtudyTests */ = {
			isa = PBXGroup;
			children = (
				961FE2DC25B1796400C52316 /* SSUtudyTests.swift */,
				961FE2DE25B1796400C52316 /* Info.plist */,
			);
			path = SSUtudyTests;
			sourceTree = "<group>";
		};
		961FE2E625B1796400C52316 /* SSUtudyUITests */ = {
			isa = PBXGroup;
			children = (
				961FE2E725B1796400C52316 /* SSUtudyUITests.swift */,
				961FE2E925B1796400C52316 /* Info.plist */,
			);
			path = SSUtudyUITests;
			sourceTree = "<group>";
		};
		961FE31625B1831700C52316 /* Frameworks */ = {
			isa = PBXGroup;
			children = (
				961FE31725B1831700C52316 /* AuthenticationServices.framework */,
			);
			name = Frameworks;
			sourceTree = "<group>";
		};
/* End PBXGroup section */

/* Begin PBXNativeTarget section */
		961FE2C625B1796100C52316 /* SSUtudy */ = {
			isa = PBXNativeTarget;
			buildConfigurationList = 961FE2EC25B1796400C52316 /* Build configuration list for PBXNativeTarget "SSUtudy" */;
			buildPhases = (
				961FE2C325B1796100C52316 /* Sources */,
				961FE2C425B1796100C52316 /* Frameworks */,
				961FE2C525B1796100C52316 /* Resources */,
			);
			buildRules = (
			);
			dependencies = (
			);
			name = SSUtudy;
			productName = SSUtudy;
			productReference = 961FE2C725B1796100C52316 /* SSUtudy.app */;
			productType = "com.apple.product-type.application";
		};
		961FE2D725B1796400C52316 /* SSUtudyTests */ = {
			isa = PBXNativeTarget;
			buildConfigurationList = 961FE2EF25B1796400C52316 /* Build configuration list for PBXNativeTarget "SSUtudyTests" */;
			buildPhases = (
				961FE2D425B1796400C52316 /* Sources */,
				961FE2D525B1796400C52316 /* Frameworks */,
				961FE2D625B1796400C52316 /* Resources */,
			);
			buildRules = (
			);
			dependencies = (
				961FE2DA25B1796400C52316 /* PBXTargetDependency */,
			);
			name = SSUtudyTests;
			productName = SSUtudyTests;
			productReference = 961FE2D825B1796400C52316 /* SSUtudyTests.xctest */;
			productType = "com.apple.product-type.bundle.unit-test";
		};
		961FE2E225B1796400C52316 /* SSUtudyUITests */ = {
			isa = PBXNativeTarget;
			buildConfigurationList = 961FE2F225B1796400C52316 /* Build configuration list for PBXNativeTarget "SSUtudyUITests" */;
			buildPhases = (
				961FE2DF25B1796400C52316 /* Sources */,
				961FE2E025B1796400C52316 /* Frameworks */,
				961FE2E125B1796400C52316 /* Resources */,
			);
			buildRules = (
			);
			dependencies = (
				961FE2E525B1796400C52316 /* PBXTargetDependency */,
			);
			name = SSUtudyUITests;
			productName = SSUtudyUITests;
			productReference = 961FE2E325B1796400C52316 /* SSUtudyUITests.xctest */;
			productType = "com.apple.product-type.bundle.ui-testing";
		};
/* End PBXNativeTarget section */

/* Begin PBXProject section */
		961FE2BF25B1796100C52316 /* Project object */ = {
			isa = PBXProject;
			attributes = {
				LastSwiftUpdateCheck = 1230;
				LastUpgradeCheck = 1230;
				TargetAttributes = {
					961FE2C625B1796100C52316 = {
						CreatedOnToolsVersion = 12.3;
					};
					961FE2D725B1796400C52316 = {
						CreatedOnToolsVersion = 12.3;
						TestTargetID = 961FE2C625B1796100C52316;
					};
					961FE2E225B1796400C52316 = {
						CreatedOnToolsVersion = 12.3;
						TestTargetID = 961FE2C625B1796100C52316;
					};
				};
			};
			buildConfigurationList = 961FE2C225B1796100C52316 /* Build configuration list for PBXProject "SSUtudy" */;
			compatibilityVersion = "Xcode 9.3";
			developmentRegion = en;
			hasScannedForEncodings = 0;
			knownRegions = (
				en,
				Base,
			);
			mainGroup = 961FE2BE25B1796100C52316;
			productRefGroup = 961FE2C825B1796100C52316 /* Products */;
			projectDirPath = "";
			projectRoot = "";
			targets = (
				961FE2C625B1796100C52316 /* SSUtudy */,
				961FE2D725B1796400C52316 /* SSUtudyTests */,
				961FE2E225B1796400C52316 /* SSUtudyUITests */,
			);
		};
/* End PBXProject section */

/* Begin PBXResourcesBuildPhase section */
		961FE2C525B1796100C52316 /* Resources */ = {
			isa = PBXResourcesBuildPhase;
			buildActionMask = 2147483647;
			files = (
				961FE2D225B1796400C52316 /* Preview Assets.xcassets in Resources */,
				961FE2CF25B1796400C52316 /* Assets.xcassets in Resources */,
			);
			runOnlyForDeploymentPostprocessing = 0;
		};
		961FE2D625B1796400C52316 /* Resources */ = {
			isa = PBXResourcesBuildPhase;
			buildActionMask = 2147483647;
			files = (
			);
			runOnlyForDeploymentPostprocessing = 0;
		};
		961FE2E125B1796400C52316 /* Resources */ = {
			isa = PBXResourcesBuildPhase;
			buildActionMask = 2147483647;
			files = (
			);
			runOnlyForDeploymentPostprocessing = 0;
		};
/* End PBXResourcesBuildPhase section */

/* Begin PBXSourcesBuildPhase section */
		961FE2C325B1796100C52316 /* Sources */ = {
			isa = PBXSourcesBuildPhase;
			buildActionMask = 2147483647;
			files = (
				961FE2CD25B1796100C52316 /* HomeView.swift in Sources */,
				961FE2CB25B1796100C52316 /* SSUtudyApp.swift in Sources */,
				961FE2FC25B17D7E00C52316 /* CustomButtonStyles.swift in Sources */,
			);
			runOnlyForDeploymentPostprocessing = 0;
		};
		961FE2D425B1796400C52316 /* Sources */ = {
			isa = PBXSourcesBuildPhase;
			buildActionMask = 2147483647;
			files = (
				961FE2DD25B1796400C52316 /* SSUtudyTests.swift in Sources */,
			);
			runOnlyForDeploymentPostprocessing = 0;
		};
		961FE2DF25B1796400C52316 /* Sources */ = {
			isa = PBXSourcesBuildPhase;
			buildActionMask = 2147483647;
			files = (
				961FE2E825B1796400C52316 /* SSUtudyUITests.swift in Sources */,
			);
			runOnlyForDeploymentPostprocessing = 0;
		};
/* End PBXSourcesBuildPhase section */

/* Begin PBXTargetDependency section */
		961FE2DA25B1796400C52316 /* PBXTargetDependency */ = {
			isa = PBXTargetDependency;
			target = 961FE2C625B1796100C52316 /* SSUtudy */;
			targetProxy = 961FE2D925B1796400C52316 /* PBXContainerItemProxy */;
		};
		961FE2E525B1796400C52316 /* PBXTargetDependency */ = {
			isa = PBXTargetDependency;
			target = 961FE2C625B1796100C52316 /* SSUtudy */;
			targetProxy = 961FE2E425B1796400C52316 /* PBXContainerItemProxy */;
		};
/* End PBXTargetDependency section */

/* Begin XCBuildConfiguration section */
		961FE2EA25B1796400C52316 /* Debug */ = {
			isa = XCBuildConfiguration;
			buildSettings = {
				ALWAYS_SEARCH_USER_PATHS = NO;
				CLANG_ANALYZER_NONNULL = YES;
				CLANG_ANALYZER_NUMBER_OBJECT_CONVERSION = YES_AGGRESSIVE;
				CLANG_CXX_LANGUAGE_STANDARD = "gnu++14";
				CLANG_CXX_LIBRARY = "libc++";
				CLANG_ENABLE_MODULES = YES;
				CLANG_ENABLE_OBJC_ARC = YES;
				CLANG_ENABLE_OBJC_WEAK = YES;
				CLANG_WARN_BLOCK_CAPTURE_AUTORELEASING = YES;
				CLANG_WARN_BOOL_CONVERSION = YES;
				CLANG_WARN_COMMA = YES;
				CLANG_WARN_CONSTANT_CONVERSION = YES;
				CLANG_WARN_DEPRECATED_OBJC_IMPLEMENTATIONS = YES;
				CLANG_WARN_DIRECT_OBJC_ISA_USAGE = YES_ERROR;
				CLANG_WARN_DOCUMENTATION_COMMENTS = YES;
				CLANG_WARN_EMPTY_BODY = YES;
				CLANG_WARN_ENUM_CONVERSION = YES;
				CLANG_WARN_INFINITE_RECURSION = YES;
				CLANG_WARN_INT_CONVERSION = YES;
				CLANG_WARN_NON_LITERAL_NULL_CONVERSION = YES;
				CLANG_WARN_OBJC_IMPLICIT_RETAIN_SELF = YES;
				CLANG_WARN_OBJC_LITERAL_CONVERSION = YES;
				CLANG_WARN_OBJC_ROOT_CLASS = YES_ERROR;
				CLANG_WARN_QUOTED_INCLUDE_IN_FRAMEWORK_HEADER = YES;
				CLANG_WARN_RANGE_LOOP_ANALYSIS = YES;
				CLANG_WARN_STRICT_PROTOTYPES = YES;
				CLANG_WARN_SUSPICIOUS_MOVE = YES;
				CLANG_WARN_UNGUARDED_AVAILABILITY = YES_AGGRESSIVE;
				CLANG_WARN_UNREACHABLE_CODE = YES;
				CLANG_WARN__DUPLICATE_METHOD_MATCH = YES;
				CODE_SIGN_IDENTITY = "iPhone Developer";
				COPY_PHASE_STRIP = NO;
				DEBUG_INFORMATION_FORMAT = dwarf;
				ENABLE_STRICT_OBJC_MSGSEND = YES;
				ENABLE_TESTABILITY = YES;
				GCC_C_LANGUAGE_STANDARD = gnu11;
				GCC_DYNAMIC_NO_PIC = NO;
				GCC_NO_COMMON_BLOCKS = YES;
				GCC_OPTIMIZATION_LEVEL = 0;
				GCC_PREPROCESSOR_DEFINITIONS = (
					"DEBUG=1",
					"$(inherited)",
				);
				GCC_WARN_64_TO_32_BIT_CONVERSION = YES;
				GCC_WARN_ABOUT_RETURN_TYPE = YES_ERROR;
				GCC_WARN_UNDECLARED_SELECTOR = YES;
				GCC_WARN_UNINITIALIZED_AUTOS = YES_AGGRESSIVE;
				GCC_WARN_UNUSED_FUNCTION = YES;
				GCC_WARN_UNUSED_VARIABLE = YES;
				IPHONEOS_DEPLOYMENT_TARGET = 14.3;
				MTL_ENABLE_DEBUG_INFO = INCLUDE_SOURCE;
				MTL_FAST_MATH = YES;
				ONLY_ACTIVE_ARCH = YES;
				SDKROOT = iphoneos;
				SWIFT_ACTIVE_COMPILATION_CONDITIONS = DEBUG;
				SWIFT_OPTIMIZATION_LEVEL = "-Onone";
			};
			name = Debug;
		};
		961FE2EB25B1796400C52316 /* Release */ = {
			isa = XCBuildConfiguration;
			buildSettings = {
				ALWAYS_SEARCH_USER_PATHS = NO;
				CLANG_ANALYZER_NONNULL = YES;
				CLANG_ANALYZER_NUMBER_OBJECT_CONVERSION = YES_AGGRESSIVE;
				CLANG_CXX_LANGUAGE_STANDARD = "gnu++14";
				CLANG_CXX_LIBRARY = "libc++";
				CLANG_ENABLE_MODULES = YES;
				CLANG_ENABLE_OBJC_ARC = YES;
				CLANG_ENABLE_OBJC_WEAK = YES;
				CLANG_WARN_BLOCK_CAPTURE_AUTORELEASING = YES;
				CLANG_WARN_BOOL_CONVERSION = YES;
				CLANG_WARN_COMMA = YES;
				CLANG_WARN_CONSTANT_CONVERSION = YES;
				CLANG_WARN_DEPRECATED_OBJC_IMPLEMENTATIONS = YES;
				CLANG_WARN_DIRECT_OBJC_ISA_USAGE = YES_ERROR;
				CLANG_WARN_DOCUMENTATION_COMMENTS = YES;
				CLANG_WARN_EMPTY_BODY = YES;
				CLANG_WARN_ENUM_CONVERSION = YES;
				CLANG_WARN_INFINITE_RECURSION = YES;
				CLANG_WARN_INT_CONVERSION = YES;
				CLANG_WARN_NON_LITERAL_NULL_CONVERSION = YES;
				CLANG_WARN_OBJC_IMPLICIT_RETAIN_SELF = YES;
				CLANG_WARN_OBJC_LITERAL_CONVERSION = YES;
				CLANG_WARN_OBJC_ROOT_CLASS = YES_ERROR;
				CLANG_WARN_QUOTED_INCLUDE_IN_FRAMEWORK_HEADER = YES;
				CLANG_WARN_RANGE_LOOP_ANALYSIS = YES;
				CLANG_WARN_STRICT_PROTOTYPES = YES;
				CLANG_WARN_SUSPICIOUS_MOVE = YES;
				CLANG_WARN_UNGUARDED_AVAILABILITY = YES_AGGRESSIVE;
				CLANG_WARN_UNREACHABLE_CODE = YES;
				CLANG_WARN__DUPLICATE_METHOD_MATCH = YES;
				CODE_SIGN_IDENTITY = "iPhone Developer";
				COPY_PHASE_STRIP = NO;
				DEBUG_INFORMATION_FORMAT = "dwarf-with-dsym";
				ENABLE_NS_ASSERTIONS = NO;
				ENABLE_STRICT_OBJC_MSGSEND = YES;
				GCC_C_LANGUAGE_STANDARD = gnu11;
				GCC_NO_COMMON_BLOCKS = YES;
				GCC_WARN_64_TO_32_BIT_CONVERSION = YES;
				GCC_WARN_ABOUT_RETURN_TYPE = YES_ERROR;
				GCC_WARN_UNDECLARED_SELECTOR = YES;
				GCC_WARN_UNINITIALIZED_AUTOS = YES_AGGRESSIVE;
				GCC_WARN_UNUSED_FUNCTION = YES;
				GCC_WARN_UNUSED_VARIABLE = YES;
				IPHONEOS_DEPLOYMENT_TARGET = 14.3;
				MTL_ENABLE_DEBUG_INFO = NO;
				MTL_FAST_MATH = YES;
				SDKROOT = iphoneos;
				SWIFT_COMPILATION_MODE = wholemodule;
				SWIFT_OPTIMIZATION_LEVEL = "-O";
				VALIDATE_PRODUCT = YES;
			};
			name = Release;
		};
		961FE2ED25B1796400C52316 /* Debug */ = {
			isa = XCBuildConfiguration;
			buildSettings = {
				ASSETCATALOG_COMPILER_APPICON_NAME = AppIcon;
				ASSETCATALOG_COMPILER_GLOBAL_ACCENT_COLOR_NAME = AccentColor;
				CODE_SIGN_ENTITLEMENTS = SSUtudy/SSUtudy.entitlements;
				CODE_SIGN_IDENTITY = "Apple Development";
				CODE_SIGN_STYLE = Manual;
				DEVELOPMENT_ASSET_PATHS = "\"SSUtudy/Preview Content\"";
				DEVELOPMENT_TEAM = "";
				ENABLE_PREVIEWS = YES;
				INFOPLIST_FILE = SSUtudy/Info.plist;
				IPHONEOS_DEPLOYMENT_TARGET = 14.0;
				LD_RUNPATH_SEARCH_PATHS = (
					"$(inherited)",
					"@executable_path/Frameworks",
				);
				PRODUCT_BUNDLE_IDENTIFIER = yeahsilver.SSUtudy;
				PRODUCT_NAME = "$(TARGET_NAME)";
				PROVISIONING_PROFILE_SPECIFIER = "";
				SWIFT_VERSION = 5.0;
				TARGETED_DEVICE_FAMILY = "1,2";
			};
			name = Debug;
		};
		961FE2EE25B1796400C52316 /* Release */ = {
			isa = XCBuildConfiguration;
			buildSettings = {
				ASSETCATALOG_COMPILER_APPICON_NAME = AppIcon;
				ASSETCATALOG_COMPILER_GLOBAL_ACCENT_COLOR_NAME = AccentColor;
				CODE_SIGN_ENTITLEMENTS = SSUtudy/SSUtudy.entitlements;
				CODE_SIGN_IDENTITY = "Apple Development";
				CODE_SIGN_STYLE = Manual;
				DEVELOPMENT_ASSET_PATHS = "\"SSUtudy/Preview Content\"";
				DEVELOPMENT_TEAM = "";
				ENABLE_PREVIEWS = YES;
				INFOPLIST_FILE = SSUtudy/Info.plist;
				IPHONEOS_DEPLOYMENT_TARGET = 14.0;
				LD_RUNPATH_SEARCH_PATHS = (
					"$(inherited)",
					"@executable_path/Frameworks",
				);
				PRODUCT_BUNDLE_IDENTIFIER = yeahsilver.SSUtudy;
				PRODUCT_NAME = "$(TARGET_NAME)";
				PROVISIONING_PROFILE_SPECIFIER = "";
				SWIFT_VERSION = 5.0;
				TARGETED_DEVICE_FAMILY = "1,2";
			};
			name = Release;
		};
		961FE2F025B1796400C52316 /* Debug */ = {
			isa = XCBuildConfiguration;
			buildSettings = {
				ALWAYS_EMBED_SWIFT_STANDARD_LIBRARIES = YES;
				BUNDLE_LOADER = "$(TEST_HOST)";
				CODE_SIGN_STYLE = Automatic;
				DEVELOPMENT_TEAM = 3CY8UX9N2S;
				INFOPLIST_FILE = SSUtudyTests/Info.plist;
				IPHONEOS_DEPLOYMENT_TARGET = 14.0;
				LD_RUNPATH_SEARCH_PATHS = (
					"$(inherited)",
					"@executable_path/Frameworks",
					"@loader_path/Frameworks",
				);
				PRODUCT_BUNDLE_IDENTIFIER = yeahsilver.SSUtudyTests;
				PRODUCT_NAME = "$(TARGET_NAME)";
				SWIFT_VERSION = 5.0;
				TARGETED_DEVICE_FAMILY = "1,2";
				TEST_HOST = "$(BUILT_PRODUCTS_DIR)/SSUtudy.app/SSUtudy";
			};
			name = Debug;
		};
		961FE2F125B1796400C52316 /* Release */ = {
			isa = XCBuildConfiguration;
			buildSettings = {
				ALWAYS_EMBED_SWIFT_STANDARD_LIBRARIES = YES;
				BUNDLE_LOADER = "$(TEST_HOST)";
				CODE_SIGN_STYLE = Automatic;
				DEVELOPMENT_TEAM = 3CY8UX9N2S;
				INFOPLIST_FILE = SSUtudyTests/Info.plist;
				IPHONEOS_DEPLOYMENT_TARGET = 14.0;
				LD_RUNPATH_SEARCH_PATHS = (
					"$(inherited)",
					"@executable_path/Frameworks",
					"@loader_path/Frameworks",
				);
				PRODUCT_BUNDLE_IDENTIFIER = yeahsilver.SSUtudyTests;
				PRODUCT_NAME = "$(TARGET_NAME)";
				SWIFT_VERSION = 5.0;
				TARGETED_DEVICE_FAMILY = "1,2";
				TEST_HOST = "$(BUILT_PRODUCTS_DIR)/SSUtudy.app/SSUtudy";
			};
			name = Release;
		};
		961FE2F325B1796400C52316 /* Debug */ = {
			isa = XCBuildConfiguration;
			buildSettings = {
				ALWAYS_EMBED_SWIFT_STANDARD_LIBRARIES = YES;
				CODE_SIGN_STYLE = Automatic;
				DEVELOPMENT_TEAM = 3CY8UX9N2S;
				INFOPLIST_FILE = SSUtudyUITests/Info.plist;
				LD_RUNPATH_SEARCH_PATHS = (
					"$(inherited)",
					"@executable_path/Frameworks",
					"@loader_path/Frameworks",
				);
				PRODUCT_BUNDLE_IDENTIFIER = yeahsilver.SSUtudyUITests;
				PRODUCT_NAME = "$(TARGET_NAME)";
				SWIFT_VERSION = 5.0;
				TARGETED_DEVICE_FAMILY = "1,2";
				TEST_TARGET_NAME = SSUtudy;
			};
			name = Debug;
		};
		961FE2F425B1796400C52316 /* Release */ = {
			isa = XCBuildConfiguration;
			buildSettings = {
				ALWAYS_EMBED_SWIFT_STANDARD_LIBRARIES = YES;
				CODE_SIGN_STYLE = Automatic;
				DEVELOPMENT_TEAM = 3CY8UX9N2S;
				INFOPLIST_FILE = SSUtudyUITests/Info.plist;
				LD_RUNPATH_SEARCH_PATHS = (
					"$(inherited)",
					"@executable_path/Frameworks",
					"@loader_path/Frameworks",
				);
				PRODUCT_BUNDLE_IDENTIFIER = yeahsilver.SSUtudyUITests;
				PRODUCT_NAME = "$(TARGET_NAME)";
				SWIFT_VERSION = 5.0;
				TARGETED_DEVICE_FAMILY = "1,2";
				TEST_TARGET_NAME = SSUtudy;
			};
			name = Release;
		};
/* End XCBuildConfiguration section */

/* Begin XCConfigurationList section */
		961FE2C225B1796100C52316 /* Build configuration list for PBXProject "SSUtudy" */ = {
			isa = XCConfigurationList;
			buildConfigurations = (
				961FE2EA25B1796400C52316 /* Debug */,
				961FE2EB25B1796400C52316 /* Release */,
			);
			defaultConfigurationIsVisible = 0;
			defaultConfigurationName = Release;
		};
		961FE2EC25B1796400C52316 /* Build configuration list for PBXNativeTarget "SSUtudy" */ = {
			isa = XCConfigurationList;
			buildConfigurations = (
				961FE2ED25B1796400C52316 /* Debug */,
				961FE2EE25B1796400C52316 /* Release */,
			);
			defaultConfigurationIsVisible = 0;
			defaultConfigurationName = Release;
		};
		961FE2EF25B1796400C52316 /* Build configuration list for PBXNativeTarget "SSUtudyTests" */ = {
			isa = XCConfigurationList;
			buildConfigurations = (
				961FE2F025B1796400C52316 /* Debug */,
				961FE2F125B1796400C52316 /* Release */,
			);
			defaultConfigurationIsVisible = 0;
			defaultConfigurationName = Release;
		};
		961FE2F225B1796400C52316 /* Build configuration list for PBXNativeTarget "SSUtudyUITests" */ = {
			isa = XCConfigurationList;
			buildConfigurations = (
				961FE2F325B1796400C52316 /* Debug */,
				961FE2F425B1796400C52316 /* Release */,
			);
			defaultConfigurationIsVisible = 0;
			defaultConfigurationName = Release;
		};
/* End XCConfigurationList section */
	};
	rootObject = 961FE2BF25B1796100C52316 /* Project object */;
}
